{
  "name": "ctdiscovery",
  "version": "1.2.0",
  "lockfileVersion": 3,
  "requires": true,
  "packages": {
    "": {
      "name": "ctdiscovery",
      "version": "1.2.0",
      "license": "MIT",
      "bin": {
        "ctd": "src/cli.js",
        "ctdiscovery": "src/cli.js"
      },
      "engines": {
        "node": ">=16.0.0"
      }
    }
  }
}
